
Microsoft Visual Studio Solution File, Format Version 12.00
# Visual Studio Version 17
VisualStudioVersion = 17.10.34928.147
MinimumVisualStudioVersion = 10.0.40219.1
Project("{FAE04EC0-301F-11D3-BF4B-00C04F79EFBC}") = "GeoTopoRAppAcad", "GeoTopoRAppAcad.csproj", "{6E36437E-4B75-4287-8E61-54D739625E4B}"
EndProject
Global
	GlobalSection(SolutionConfigurationPlatforms) = preSolution
		Debug|Any CPU = Debug|Any CPU
		Release|Any CPU = Release|Any CPU
	EndGlobalSection
	GlobalSection(ProjectConfigurationPlatforms) = postSolution
		{6E36437E-4B75-4287-8E61-54D739625E4B}.Debug|Any CPU.ActiveCfg = Debug|Any CPU
		{6E36437E-4B75-4287-8E61-54D739625E4B}.Debug|Any CPU.Build.0 = Debug|Any CPU
		{6E36437E-4B75-4287-8E61-54D739625E4B}.Release|Any CPU.ActiveCfg = Release|Any CPU
		{6E36437E-4B75-4287-8E61-54D739625E4B}.Release|Any CPU.Build.0 = Release|Any CPU
	EndGlobalSection
	GlobalSection(SolutionProperties) = preSolution
		HideSolutionNode = FALSE
	EndGlobalSection
	GlobalSection(ExtensibilityGlobals) = postSolution
		SolutionGuid = {4C73C823-69F4-410A-BF61-DB003EF86C29}
	EndGlobalSection
EndGlobal
